{
  "name": "artillery-plugin-metrics-by-endpoint",
  "version": "1.0.0",
  "lockfileVersion": 2,
  "requires": true,
  "packages": {
    "": {
      "version": "1.0.0",
      "license": "MPL-2.0",
      "dependencies": {
        "debug": "^4.3.2"
      }
    },
    "node_modules/debug": {
      "version": "4.3.2",
      "resolved": "https://registry.npmjs.org/debug/-/debug-4.3.2.tgz",
      "integrity": "sha512-mOp8wKcvj7XxC78zLgw/ZA+6TSgkoE2C/ienthhRD298T7UNwAg9diBpLRxC0mOezLl4B0xV7M0cCO6P/O0Xhw==",
      "dependencies": {
        "ms": "2.1.2"
      },
      "engines": {
        "node": ">=6.0"
      },
      "peerDependenciesMeta": {
        "supports-color": {
          "optional": true
        }
      }
    },
    "node_modules/ms": {
      "version": "2.1.2",
      "resolved": "https://registry.npmjs.org/ms/-/ms-2.1.2.tgz",
      "integrity": "sha512-sGkPx+VjMtmA6MX27oA4FBFELFCZZ4S4XqeGOXCv68tT+jb3vk/RyaKWP0PTKyWtmLSM0b+adUTEvbs1PEaH2w=="
    }
  },
  "dependencies": {
    "debug": {
      "version": "4.3.2",
      "resolved": "https://registry.npmjs.org/debug/-/debug-4.3.2.tgz",
      "integrity": "sha512-mOp8wKcvj7XxC78zLgw/ZA+6TSgkoE2C/ienthhRD298T7UNwAg9diBpLRxC0mOezLl4B0xV7M0cCO6P/O0Xhw==",
      "requires": {
        "ms": "2.1.2"
      }
    },
    "ms": {
      "version": "2.1.2",
      "resolved": "https://registry.npmjs.org/ms/-/ms-2.1.2.tgz",
      "integrity": "sha512-sGkPx+VjMtmA6MX27oA4FBFELFCZZ4S4XqeGOXCv68tT+jb3vk/RyaKWP0PTKyWtmLSM0b+adUTEvbs1PEaH2w=="
    }
  }
}
