{
  "name": "artillery-starter-kit",
  "version": "1.0.0",
  "lockfileVersion": 3,
  "requires": true,
  "packages": {
    "": {
      "name": "artillery-starter-kit",
      "version": "1.0.0",
      "license": "ISC",
      "dependencies": {
        "faker": "^5.5.3"
      }
    },
    "node_modules/faker": {
      "version": "5.5.3",
      "resolved": "https://registry.npmjs.org/faker/-/faker-5.5.3.tgz",
      "integrity": "sha512-wLTv2a28wjUyWkbnX7u/ABZBkUkIF2fCd73V6P2oFqEGEktDfzWx4UxrSqtPRw0xPRAcjeAOIiJWqZm3pP4u3g=="
    }
  }
}
