{
  "name": "table-driven-functional-tests",
  "version": "1.0.0",
  "lockfileVersion": 2,
  "requires": true,
  "packages": {
    "": {
      "name": "table-driven-functional-tests",
      "version": "1.0.0",
      "license": "ISC",
      "dependencies": {
        "csv-parse": "^4.16.0"
      }
    },
    "node_modules/csv-parse": {
      "version": "4.16.0",
      "resolved": "https://registry.npmjs.org/csv-parse/-/csv-parse-4.16.0.tgz",
      "integrity": "sha512-Zb4tGPANH4SW0LgC9+s9Mnequs9aqn7N3/pCqNbVjs2XhEF6yWNU2Vm4OGl1v2Go9nw8rXt87Cm2QN/o6Vpqgg=="
    }
  },
  "dependencies": {
    "csv-parse": {
      "version": "4.16.0",
      "resolved": "https://registry.npmjs.org/csv-parse/-/csv-parse-4.16.0.tgz",
      "integrity": "sha512-Zb4tGPANH4SW0LgC9+s9Mnequs9aqn7N3/pCqNbVjs2XhEF6yWNU2Vm4OGl1v2Go9nw8rXt87Cm2QN/o6Vpqgg=="
    }
  }
}
